
Microsoft Visual Studio Solution File, Format Version 12.00
# Visual Studio Version 16
VisualStudioVersion = 16.0.31624.102
MinimumVisualStudioVersion = 10.0.40219.1
Project("{8BC9CEB8-8B4A-11D0-8D11-00A0C91BC942}") = "Wisper", "Wisper\Wisper.vcxproj", "{8E7D6E13-92E8-43D2-8BAF-B884989D9000}"
EndProject
Global
	GlobalSection(SolutionConfigurationPlatforms) = preSolution
		Debug|x64 = Debug|x64
		Debug|x86 = Debug|x86
		Release|x64 = Release|x64
		Release|x86 = Release|x86
	EndGlobalSection
	GlobalSection(ProjectConfigurationPlatforms) = postSolution
		{8E7D6E13-92E8-43D2-8BAF-B884989D9000}.Debug|x64.ActiveCfg = Debug|x64
		{8E7D6E13-92E8-43D2-8BAF-B884989D9000}.Debug|x64.Build.0 = Debug|x64
		{8E7D6E13-92E8-43D2-8BAF-B884989D9000}.Debug|x86.ActiveCfg = Debug|Win32
		{8E7D6E13-92E8-43D2-8BAF-B884989D9000}.Debug|x86.Build.0 = Debug|Win32
		{8E7D6E13-92E8-43D2-8BAF-B884989D9000}.Release|x64.ActiveCfg = Release|x64
		{8E7D6E13-92E8-43D2-8BAF-B884989D9000}.Release|x64.Build.0 = Release|x64
		{8E7D6E13-92E8-43D2-8BAF-B884989D9000}.Release|x86.ActiveCfg = Release|Win32
		{8E7D6E13-92E8-43D2-8BAF-B884989D9000}.Release|x86.Build.0 = Release|Win32
	EndGlobalSection
	GlobalSection(SolutionProperties) = preSolution
		HideSolutionNode = FALSE
	EndGlobalSection
	GlobalSection(ExtensibilityGlobals) = postSolution
		SolutionGuid = {220ACAC0-7E32-463C-9D72-AE8E357BF813}
	EndGlobalSection
EndGlobal
